
Microsoft Visual Studio Solution File, Format Version 12.00
# Visual Studio Version 16
VisualStudioVersion = 16.0.31729.503
MinimumVisualStudioVersion = 10.0.40219.1
Project("{FAE04EC0-301F-11D3-BF4B-00C04F79EFBC}") = "XamarinNavigationTest.Android", "XamarinNavigationTest.Android\XamarinNavigationTest.Android.csproj", "{B9283E47-4786-4ECF-93A3-81B6B23CBB9C}"
EndProject
Project("{FAE04EC0-301F-11D3-BF4B-00C04F79EFBC}") = "XamarinNavigationTest.iOS", "XamarinNavigationTest.iOS\XamarinNavigationTest.iOS.csproj", "{249D0AEB-72CF-4850-BBAE-0BAA0532DECC}"
EndProject
Project("{FAE04EC0-301F-11D3-BF4B-00C04F79EFBC}") = "XamarinNavigationTest", "XamarinNavigationTest\XamarinNavigationTest.csproj", "{AFD65761-8485-40EB-8ABB-4A5CBE50375A}"
EndProject
Global
	GlobalSection(SolutionConfigurationPlatforms) = preSolution
		Debug|Any CPU = Debug|Any CPU
		Debug|iPhone = Debug|iPhone
		Debug|iPhoneSimulator = Debug|iPhoneSimulator
		Release|Any CPU = Release|Any CPU
		Release|iPhone = Release|iPhone
		Release|iPhoneSimulator = Release|iPhoneSimulator
	EndGlobalSection
	GlobalSection(ProjectConfigurationPlatforms) = postSolution
		{B9283E47-4786-4ECF-93A3-81B6B23CBB9C}.Debug|Any CPU.ActiveCfg = Debug|Any CPU
		{B9283E47-4786-4ECF-93A3-81B6B23CBB9C}.Debug|Any CPU.Build.0 = Debug|Any CPU
		{B9283E47-4786-4ECF-93A3-81B6B23CBB9C}.Debug|Any CPU.Deploy.0 = Debug|Any CPU
		{B9283E47-4786-4ECF-93A3-81B6B23CBB9C}.Debug|iPhone.ActiveCfg = Debug|Any CPU
		{B9283E47-4786-4ECF-93A3-81B6B23CBB9C}.Debug|iPhone.Build.0 = Debug|Any CPU
		{B9283E47-4786-4ECF-93A3-81B6B23CBB9C}.Debug|iPhone.Deploy.0 = Debug|Any CPU
		{B9283E47-4786-4ECF-93A3-81B6B23CBB9C}.Debug|iPhoneSimulator.ActiveCfg = Debug|Any CPU
		{B9283E47-4786-4ECF-93A3-81B6B23CBB9C}.Debug|iPhoneSimulator.Build.0 = Debug|Any CPU
		{B9283E47-4786-4ECF-93A3-81B6B23CBB9C}.Debug|iPhoneSimulator.Deploy.0 = Debug|Any CPU
		{B9283E47-4786-4ECF-93A3-81B6B23CBB9C}.Release|Any CPU.ActiveCfg = Release|Any CPU
		{B9283E47-4786-4ECF-93A3-81B6B23CBB9C}.Release|Any CPU.Build.0 = Release|Any CPU
		{B9283E47-4786-4ECF-93A3-81B6B23CBB9C}.Release|Any CPU.Deploy.0 = Release|Any CPU
		{B9283E47-4786-4ECF-93A3-81B6B23CBB9C}.Release|iPhone.ActiveCfg = Release|Any CPU
		{B9283E47-4786-4ECF-93A3-81B6B23CBB9C}.Release|iPhone.Build.0 = Release|Any CPU
		{B9283E47-4786-4ECF-93A3-81B6B23CBB9C}.Release|iPhone.Deploy.0 = Release|Any CPU
		{B9283E47-4786-4ECF-93A3-81B6B23CBB9C}.Release|iPhoneSimulator.ActiveCfg = Release|Any CPU
		{B9283E47-4786-4ECF-93A3-81B6B23CBB9C}.Release|iPhoneSimulator.Build.0 = Release|Any CPU
		{B9283E47-4786-4ECF-93A3-81B6B23CBB9C}.Release|iPhoneSimulator.Deploy.0 = Release|Any CPU
		{249D0AEB-72CF-4850-BBAE-0BAA0532DECC}.Debug|Any CPU.ActiveCfg = Debug|iPhone
		{249D0AEB-72CF-4850-BBAE-0BAA0532DECC}.Debug|Any CPU.Build.0 = Debug|iPhone
		{249D0AEB-72CF-4850-BBAE-0BAA0532DECC}.Debug|Any CPU.Deploy.0 = Debug|iPhone
		{249D0AEB-72CF-4850-BBAE-0BAA0532DECC}.Debug|iPhone.ActiveCfg = Debug|iPhone
		{249D0AEB-72CF-4850-BBAE-0BAA0532DECC}.Debug|iPhone.Build.0 = Debug|iPhone
		{249D0AEB-72CF-4850-BBAE-0BAA0532DECC}.Debug|iPhone.Deploy.0 = Debug|iPhone
		{249D0AEB-72CF-4850-BBAE-0BAA0532DECC}.Debug|iPhoneSimulator.ActiveCfg = Debug|iPhoneSimulator
		{249D0AEB-72CF-4850-BBAE-0BAA0532DECC}.Debug|iPhoneSimulator.Build.0 = Debug|iPhoneSimulator
		{249D0AEB-72CF-4850-BBAE-0BAA0532DECC}.Debug|iPhoneSimulator.Deploy.0 = Debug|iPhoneSimulator
		{249D0AEB-72CF-4850-BBAE-0BAA0532DECC}.Release|Any CPU.ActiveCfg = Release|iPhoneSimulator
		{249D0AEB-72CF-4850-BBAE-0BAA0532DECC}.Release|Any CPU.Build.0 = Release|iPhoneSimulator
		{249D0AEB-72CF-4850-BBAE-0BAA0532DECC}.Release|Any CPU.Deploy.0 = Release|iPhoneSimulator
		{249D0AEB-72CF-4850-BBAE-0BAA0532DECC}.Release|iPhone.ActiveCfg = Release|iPhone
		{249D0AEB-72CF-4850-BBAE-0BAA0532DECC}.Release|iPhone.Build.0 = Release|iPhone
		{249D0AEB-72CF-4850-BBAE-0BAA0532DECC}.Release|iPhone.Deploy.0 = Release|iPhone
		{249D0AEB-72CF-4850-BBAE-0BAA0532DECC}.Release|iPhoneSimulator.ActiveCfg = Release|iPhoneSimulator
		{249D0AEB-72CF-4850-BBAE-0BAA0532DECC}.Release|iPhoneSimulator.Build.0 = Release|iPhoneSimulator
		{249D0AEB-72CF-4850-BBAE-0BAA0532DECC}.Release|iPhoneSimulator.Deploy.0 = Release|iPhoneSimulator
		{AFD65761-8485-40EB-8ABB-4A5CBE50375A}.Debug|Any CPU.ActiveCfg = Debug|Any CPU
		{AFD65761-8485-40EB-8ABB-4A5CBE50375A}.Debug|Any CPU.Build.0 = Debug|Any CPU
		{AFD65761-8485-40EB-8ABB-4A5CBE50375A}.Debug|Any CPU.Deploy.0 = Debug|Any CPU
		{AFD65761-8485-40EB-8ABB-4A5CBE50375A}.Debug|iPhone.ActiveCfg = Debug|Any CPU
		{AFD65761-8485-40EB-8ABB-4A5CBE50375A}.Debug|iPhone.Build.0 = Debug|Any CPU
		{AFD65761-8485-40EB-8ABB-4A5CBE50375A}.Debug|iPhone.Deploy.0 = Debug|Any CPU
		{AFD65761-8485-40EB-8ABB-4A5CBE50375A}.Debug|iPhoneSimulator.ActiveCfg = Debug|Any CPU
		{AFD65761-8485-40EB-8ABB-4A5CBE50375A}.Debug|iPhoneSimulator.Build.0 = Debug|Any CPU
		{AFD65761-8485-40EB-8ABB-4A5CBE50375A}.Debug|iPhoneSimulator.Deploy.0 = Debug|Any CPU
		{AFD65761-8485-40EB-8ABB-4A5CBE50375A}.Release|Any CPU.ActiveCfg = Release|Any CPU
		{AFD65761-8485-40EB-8ABB-4A5CBE50375A}.Release|Any CPU.Build.0 = Release|Any CPU
		{AFD65761-8485-40EB-8ABB-4A5CBE50375A}.Release|Any CPU.Deploy.0 = Release|Any CPU
		{AFD65761-8485-40EB-8ABB-4A5CBE50375A}.Release|iPhone.ActiveCfg = Release|Any CPU
		{AFD65761-8485-40EB-8ABB-4A5CBE50375A}.Release|iPhone.Build.0 = Release|Any CPU
		{AFD65761-8485-40EB-8ABB-4A5CBE50375A}.Release|iPhone.Deploy.0 = Release|Any CPU
		{AFD65761-8485-40EB-8ABB-4A5CBE50375A}.Release|iPhoneSimulator.ActiveCfg = Release|Any CPU
		{AFD65761-8485-40EB-8ABB-4A5CBE50375A}.Release|iPhoneSimulator.Build.0 = Release|Any CPU
		{AFD65761-8485-40EB-8ABB-4A5CBE50375A}.Release|iPhoneSimulator.Deploy.0 = Release|Any CPU
	EndGlobalSection
	GlobalSection(SolutionProperties) = preSolution
		HideSolutionNode = FALSE
	EndGlobalSection
	GlobalSection(ExtensibilityGlobals) = postSolution
		SolutionGuid = {3044E252-69BB-4E36-B37D-B3111F85EFB8}
	EndGlobalSection
EndGlobal
